
Microsoft Visual Studio Solution File, Format Version 12.00
# Visual Studio 15
VisualStudioVersion = 15.0.28307.645
MinimumVisualStudioVersion = 10.0.40219.1
Project("{FAE04EC0-301F-11D3-BF4B-00C04F79EFBC}") = "PipeExample", "ClassLibrary1\PipeExample.csproj", "{EE4A0968-FD44-478A-A844-2342FAD67E26}"
EndProject
Global
	GlobalSection(SolutionConfigurationPlatforms) = preSolution
		Debug|Any CPU = Debug|Any CPU
		Debug|x64 = Debug|x64
		Release|Any CPU = Release|Any CPU
		Release|x64 = Release|x64
	EndGlobalSection
	GlobalSection(ProjectConfigurationPlatforms) = postSolution
		{EE4A0968-FD44-478A-A844-2342FAD67E26}.Debug|Any CPU.ActiveCfg = Debug|Any CPU
		{EE4A0968-FD44-478A-A844-2342FAD67E26}.Debug|Any CPU.Build.0 = Debug|Any CPU
		{EE4A0968-FD44-478A-A844-2342FAD67E26}.Debug|x64.ActiveCfg = Debug|x64
		{EE4A0968-FD44-478A-A844-2342FAD67E26}.Debug|x64.Build.0 = Debug|x64
		{EE4A0968-FD44-478A-A844-2342FAD67E26}.Release|Any CPU.ActiveCfg = Release|Any CPU
		{EE4A0968-FD44-478A-A844-2342FAD67E26}.Release|Any CPU.Build.0 = Release|Any CPU
		{EE4A0968-FD44-478A-A844-2342FAD67E26}.Release|x64.ActiveCfg = Release|x64
		{EE4A0968-FD44-478A-A844-2342FAD67E26}.Release|x64.Build.0 = Release|x64
	EndGlobalSection
	GlobalSection(SolutionProperties) = preSolution
		HideSolutionNode = FALSE
	EndGlobalSection
	GlobalSection(ExtensibilityGlobals) = postSolution
		SolutionGuid = {B823BCAC-1653-4F81-8961-E62F307DCF66}
	EndGlobalSection
EndGlobal
